
Microsoft Visual Studio Solution File, Format Version 12.00
# Visual Studio Version 17
VisualStudioVersion = 17.3.32804.467
MinimumVisualStudioVersion = 10.0.40219.1
Project("{FAE04EC0-301F-11D3-BF4B-00C04F79EFBC}") = "RayTraycing", "RayTraycing\RayTraycing.csproj", "{247C42E3-6FE9-4FA0-948B-78457BBF11D6}"
EndProject
Global
	GlobalSection(SolutionConfigurationPlatforms) = preSolution
		Debug|Any CPU = Debug|Any CPU
		Release|Any CPU = Release|Any CPU
	EndGlobalSection
	GlobalSection(ProjectConfigurationPlatforms) = postSolution
		{247C42E3-6FE9-4FA0-948B-78457BBF11D6}.Debug|Any CPU.ActiveCfg = Debug|Any CPU
		{247C42E3-6FE9-4FA0-948B-78457BBF11D6}.Debug|Any CPU.Build.0 = Debug|Any CPU
		{247C42E3-6FE9-4FA0-948B-78457BBF11D6}.Release|Any CPU.ActiveCfg = Release|Any CPU
		{247C42E3-6FE9-4FA0-948B-78457BBF11D6}.Release|Any CPU.Build.0 = Release|Any CPU
	EndGlobalSection
	GlobalSection(SolutionProperties) = preSolution
		HideSolutionNode = FALSE
	EndGlobalSection
	GlobalSection(ExtensibilityGlobals) = postSolution
		SolutionGuid = {76693179-4492-40C2-848A-7714E704FE7A}
	EndGlobalSection
EndGlobal
